
Microsoft Visual Studio Solution File, Format Version 12.00
# Visual Studio Version 16
VisualStudioVersion = 16.0.31321.278
MinimumVisualStudioVersion = 10.0.40219.1
Project("{FAE04EC0-301F-11D3-BF4B-00C04F79EFBC}") = "HazirKhanaWEB", "HazirKhanaWEB\HazirKhanaWEB.csproj", "{407BC513-0683-458D-837D-EC3FFD63184A}"
EndProject
Project("{FAE04EC0-301F-11D3-BF4B-00C04F79EFBC}") = "EntityLibrary", "EntityLibrary\EntityLibrary.csproj", "{2C4C772C-7A87-4D9B-BABE-41FF141054B5}"
EndProject
Global
	GlobalSection(SolutionConfigurationPlatforms) = preSolution
		Debug|Any CPU = Debug|Any CPU
		Release|Any CPU = Release|Any CPU
	EndGlobalSection
	GlobalSection(ProjectConfigurationPlatforms) = postSolution
		{407BC513-0683-458D-837D-EC3FFD63184A}.Debug|Any CPU.ActiveCfg = Debug|Any CPU
		{407BC513-0683-458D-837D-EC3FFD63184A}.Debug|Any CPU.Build.0 = Debug|Any CPU
		{407BC513-0683-458D-837D-EC3FFD63184A}.Release|Any CPU.ActiveCfg = Release|Any CPU
		{407BC513-0683-458D-837D-EC3FFD63184A}.Release|Any CPU.Build.0 = Release|Any CPU
		{2C4C772C-7A87-4D9B-BABE-41FF141054B5}.Debug|Any CPU.ActiveCfg = Debug|Any CPU
		{2C4C772C-7A87-4D9B-BABE-41FF141054B5}.Debug|Any CPU.Build.0 = Debug|Any CPU
		{2C4C772C-7A87-4D9B-BABE-41FF141054B5}.Release|Any CPU.ActiveCfg = Release|Any CPU
		{2C4C772C-7A87-4D9B-BABE-41FF141054B5}.Release|Any CPU.Build.0 = Release|Any CPU
	EndGlobalSection
	GlobalSection(SolutionProperties) = preSolution
		HideSolutionNode = FALSE
	EndGlobalSection
	GlobalSection(ExtensibilityGlobals) = postSolution
		SolutionGuid = {F0B9E66F-C7CB-4CAB-8985-32BD51C70D33}
	EndGlobalSection
EndGlobal
